// !$*UTF8*$!
{
	archiveVersion = 1;
	classes = {
	};
	objectVersion = 55;
	objects = {

/* Begin PBXBuildFile section */
		35439A1229BFA2270044D982 /* AppDelegate.swift in Sources */ = {isa = PBXBuildFile; fileRef = 35439A1129BFA2270044D982 /* AppDelegate.swift */; };
		35439A1429BFA2270044D982 /* SceneDelegate.swift in Sources */ = {isa = PBXBuildFile; fileRef = 35439A1329BFA2270044D982 /* SceneDelegate.swift */; };
		35439A1629BFA2270044D982 /* MoviesListViewController.swift in Sources */ = {isa = PBXBuildFile; fileRef = 35439A1529BFA2270044D982 /* MoviesListViewController.swift */; };
		35439A1B29BFA2270044D982 /* Assets.xcassets in Resources */ = {isa = PBXBuildFile; fileRef = 35439A1A29BFA2270044D982 /* Assets.xcassets */; };
		35439A1E29BFA2270044D982 /* LaunchScreen.storyboard in Resources */ = {isa = PBXBuildFile; fileRef = 35439A1C29BFA2270044D982 /* LaunchScreen.storyboard */; };
		35439A2929BFA2270044D982 /* MyMovieAppTests.swift in Sources */ = {isa = PBXBuildFile; fileRef = 35439A2829BFA2270044D982 /* MyMovieAppTests.swift */; };
		35439A3329BFA2270044D982 /* MyMovieAppUITests.swift in Sources */ = {isa = PBXBuildFile; fileRef = 35439A3229BFA2270044D982 /* MyMovieAppUITests.swift */; };
		35439A3529BFA2270044D982 /* MyMovieAppUITestsLaunchTests.swift in Sources */ = {isa = PBXBuildFile; fileRef = 35439A3429BFA2270044D982 /* MyMovieAppUITestsLaunchTests.swift */; };
		35439A4629BFB9400044D982 /* DetailsViewController.swift in Sources */ = {isa = PBXBuildFile; fileRef = 35439A4529BFB9400044D982 /* DetailsViewController.swift */; };
		35439A4E29C102030044D982 /* AppCoordinator.swift in Sources */ = {isa = PBXBuildFile; fileRef = 35439A4D29C102030044D982 /* AppCoordinator.swift */; };
		35439A5029C116C60044D982 /* MovieViewModel.swift in Sources */ = {isa = PBXBuildFile; fileRef = 35439A4F29C116C60044D982 /* MovieViewModel.swift */; };
		35439A5129C116C60044D982 /* MovieViewModel.swift in Sources */ = {isa = PBXBuildFile; fileRef = 35439A4F29C116C60044D982 /* MovieViewModel.swift */; };
		35439A5229C116CC0044D982 /* MoviesListViewController.swift in Sources */ = {isa = PBXBuildFile; fileRef = 35439A1529BFA2270044D982 /* MoviesListViewController.swift */; };
		35439A5429C116EA0044D982 /* DetailsCoordinator.swift in Sources */ = {isa = PBXBuildFile; fileRef = 35439A5329C116EA0044D982 /* DetailsCoordinator.swift */; };
		35439A5529C116EA0044D982 /* DetailsCoordinator.swift in Sources */ = {isa = PBXBuildFile; fileRef = 35439A5329C116EA0044D982 /* DetailsCoordinator.swift */; };
		35439A5729C26BF60044D982 /* MoviesNetworkManager.swift in Sources */ = {isa = PBXBuildFile; fileRef = 35439A5629C26BF60044D982 /* MoviesNetworkManager.swift */; };
		35439A5829C26BF60044D982 /* MoviesNetworkManager.swift in Sources */ = {isa = PBXBuildFile; fileRef = 35439A5629C26BF60044D982 /* MoviesNetworkManager.swift */; };
		35439A5A29C26C4A0044D982 /* Movies.swift in Sources */ = {isa = PBXBuildFile; fileRef = 35439A5929C26C4A0044D982 /* Movies.swift */; };
		35439A5B29C26C4A0044D982 /* Movies.swift in Sources */ = {isa = PBXBuildFile; fileRef = 35439A5929C26C4A0044D982 /* Movies.swift */; };
		35439A5D29C26D0D0044D982 /* APIEndPoint.swift in Sources */ = {isa = PBXBuildFile; fileRef = 35439A5C29C26D0D0044D982 /* APIEndPoint.swift */; };
		35439A5E29C26D0D0044D982 /* APIEndPoint.swift in Sources */ = {isa = PBXBuildFile; fileRef = 35439A5C29C26D0D0044D982 /* APIEndPoint.swift */; };
		35439A6029C38BB90044D982 /* MoviesListTableCell.swift in Sources */ = {isa = PBXBuildFile; fileRef = 35439A5F29C38BB90044D982 /* MoviesListTableCell.swift */; };
		35439A6129C38BB90044D982 /* MoviesListTableCell.swift in Sources */ = {isa = PBXBuildFile; fileRef = 35439A5F29C38BB90044D982 /* MoviesListTableCell.swift */; };
		35439A6329C38BE50044D982 /* Label+Extension.swift in Sources */ = {isa = PBXBuildFile; fileRef = 35439A6229C38BE50044D982 /* Label+Extension.swift */; };
		35439A6429C38BE50044D982 /* Label+Extension.swift in Sources */ = {isa = PBXBuildFile; fileRef = 35439A6229C38BE50044D982 /* Label+Extension.swift */; };
		35439A6729C3A2DD0044D982 /* AppCoordinator.swift in Sources */ = {isa = PBXBuildFile; fileRef = 35439A4D29C102030044D982 /* AppCoordinator.swift */; };
		35439A6929C3A32B0044D982 /* Constraints+Extension.swift in Sources */ = {isa = PBXBuildFile; fileRef = 35439A6829C3A32B0044D982 /* Constraints+Extension.swift */; };
		35439A6A29C3A32B0044D982 /* Constraints+Extension.swift in Sources */ = {isa = PBXBuildFile; fileRef = 35439A6829C3A32B0044D982 /* Constraints+Extension.swift */; };
		35439A6C29C4D5C40044D982 /* FavouriteModel.swift in Sources */ = {isa = PBXBuildFile; fileRef = 35439A6B29C4D5C40044D982 /* FavouriteModel.swift */; };
		35439A6D29C4D5C40044D982 /* FavouriteModel.swift in Sources */ = {isa = PBXBuildFile; fileRef = 35439A6B29C4D5C40044D982 /* FavouriteModel.swift */; };
		35439A6F29C4D6520044D982 /* String+Extensions.swift in Sources */ = {isa = PBXBuildFile; fileRef = 35439A6E29C4D6520044D982 /* String+Extensions.swift */; };
		35439A7029C4D6520044D982 /* String+Extensions.swift in Sources */ = {isa = PBXBuildFile; fileRef = 35439A6E29C4D6520044D982 /* String+Extensions.swift */; };
/* End PBXBuildFile section */

/* Begin PBXContainerItemProxy section */
		35439A2529BFA2270044D982 /* PBXContainerItemProxy */ = {
			isa = PBXContainerItemProxy;
			containerPortal = 35439A0629BFA2270044D982 /* Project object */;
			proxyType = 1;
			remoteGlobalIDString = 35439A0D29BFA2270044D982;
			remoteInfo = MyMovieApp;
		};
		35439A2F29BFA2270044D982 /* PBXContainerItemProxy */ = {
			isa = PBXContainerItemProxy;
			containerPortal = 35439A0629BFA2270044D982 /* Project object */;
			proxyType = 1;
			remoteGlobalIDString = 35439A0D29BFA2270044D982;
			remoteInfo = MyMovieApp;
		};
/* End PBXContainerItemProxy section */

/* Begin PBXFileReference section */
		35439A0E29BFA2270044D982 /* MyMovieApp.app */ = {isa = PBXFileReference; explicitFileType = wrapper.application; includeInIndex = 0; path = MyMovieApp.app; sourceTree = BUILT_PRODUCTS_DIR; };
		35439A1129BFA2270044D982 /* AppDelegate.swift */ = {isa = PBXFileReference; lastKnownFileType = sourcecode.swift; path = AppDelegate.swift; sourceTree = "<group>"; };
		35439A1329BFA2270044D982 /* SceneDelegate.swift */ = {isa = PBXFileReference; lastKnownFileType = sourcecode.swift; path = SceneDelegate.swift; sourceTree = "<group>"; };
		35439A1529BFA2270044D982 /* MoviesListViewController.swift */ = {isa = PBXFileReference; lastKnownFileType = sourcecode.swift; path = MoviesListViewController.swift; sourceTree = "<group>"; };
		35439A1A29BFA2270044D982 /* Assets.xcassets */ = {isa = PBXFileReference; lastKnownFileType = folder.assetcatalog; path = Assets.xcassets; sourceTree = "<group>"; };
		35439A1D29BFA2270044D982 /* Base */ = {isa = PBXFileReference; lastKnownFileType = file.storyboard; name = Base; path = Base.lproj/LaunchScreen.storyboard; sourceTree = "<group>"; };
		35439A1F29BFA2270044D982 /* Info.plist */ = {isa = PBXFileReference; lastKnownFileType = text.plist.xml; path = Info.plist; sourceTree = "<group>"; };
		35439A2429BFA2270044D982 /* MyMovieAppTests.xctest */ = {isa = PBXFileReference; explicitFileType = wrapper.cfbundle; includeInIndex = 0; path = MyMovieAppTests.xctest; sourceTree = BUILT_PRODUCTS_DIR; };
		35439A2829BFA2270044D982 /* MyMovieAppTests.swift */ = {isa = PBXFileReference; lastKnownFileType = sourcecode.swift; path = MyMovieAppTests.swift; sourceTree = "<group>"; };
		35439A2E29BFA2270044D982 /* MyMovieAppUITests.xctest */ = {isa = PBXFileReference; explicitFileType = wrapper.cfbundle; includeInIndex = 0; path = MyMovieAppUITests.xctest; sourceTree = BUILT_PRODUCTS_DIR; };
		35439A3229BFA2270044D982 /* MyMovieAppUITests.swift */ = {isa = PBXFileReference; lastKnownFileType = sourcecode.swift; path = MyMovieAppUITests.swift; sourceTree = "<group>"; };
		35439A3429BFA2270044D982 /* MyMovieAppUITestsLaunchTests.swift */ = {isa = PBXFileReference; lastKnownFileType = sourcecode.swift; path = MyMovieAppUITestsLaunchTests.swift; sourceTree = "<group>"; };
		35439A4529BFB9400044D982 /* DetailsViewController.swift */ = {isa = PBXFileReference; lastKnownFileType = sourcecode.swift; path = DetailsViewController.swift; sourceTree = "<group>"; };
		35439A4D29C102030044D982 /* AppCoordinator.swift */ = {isa = PBXFileReference; lastKnownFileType = sourcecode.swift; path = AppCoordinator.swift; sourceTree = "<group>"; };
		35439A4F29C116C60044D982 /* MovieViewModel.swift */ = {isa = PBXFileReference; lastKnownFileType = sourcecode.swift; path = MovieViewModel.swift; sourceTree = "<group>"; };
		35439A5329C116EA0044D982 /* DetailsCoordinator.swift */ = {isa = PBXFileReference; lastKnownFileType = sourcecode.swift; path = DetailsCoordinator.swift; sourceTree = "<group>"; };
		35439A5629C26BF60044D982 /* MoviesNetworkManager.swift */ = {isa = PBXFileReference; lastKnownFileType = sourcecode.swift; path = MoviesNetworkManager.swift; sourceTree = "<group>"; };
		35439A5929C26C4A0044D982 /* Movies.swift */ = {isa = PBXFileReference; lastKnownFileType = sourcecode.swift; path = Movies.swift; sourceTree = "<group>"; };
		35439A5C29C26D0D0044D982 /* APIEndPoint.swift */ = {isa = PBXFileReference; lastKnownFileType = sourcecode.swift; path = APIEndPoint.swift; sourceTree = "<group>"; };
		35439A5F29C38BB90044D982 /* MoviesListTableCell.swift */ = {isa = PBXFileReference; lastKnownFileType = sourcecode.swift; path = MoviesListTableCell.swift; sourceTree = "<group>"; };
		35439A6229C38BE50044D982 /* Label+Extension.swift */ = {isa = PBXFileReference; lastKnownFileType = sourcecode.swift; path = "Label+Extension.swift"; sourceTree = "<group>"; };
		35439A6829C3A32B0044D982 /* Constraints+Extension.swift */ = {isa = PBXFileReference; lastKnownFileType = sourcecode.swift; path = "Constraints+Extension.swift"; sourceTree = "<group>"; };
		35439A6B29C4D5C40044D982 /* FavouriteModel.swift */ = {isa = PBXFileReference; lastKnownFileType = sourcecode.swift; path = FavouriteModel.swift; sourceTree = "<group>"; };
		35439A6E29C4D6520044D982 /* String+Extensions.swift */ = {isa = PBXFileReference; lastKnownFileType = sourcecode.swift; path = "String+Extensions.swift"; sourceTree = "<group>"; };
/* End PBXFileReference section */

/* Begin PBXFrameworksBuildPhase section */
		35439A0B29BFA2270044D982 /* Frameworks */ = {
			isa = PBXFrameworksBuildPhase;
			buildActionMask = 2147483647;
			files = (
			);
			runOnlyForDeploymentPostprocessing = 0;
		};
		35439A2129BFA2270044D982 /* Frameworks */ = {
			isa = PBXFrameworksBuildPhase;
			buildActionMask = 2147483647;
			files = (
			);
			runOnlyForDeploymentPostprocessing = 0;
		};
		35439A2B29BFA2270044D982 /* Frameworks */ = {
			isa = PBXFrameworksBuildPhase;
			buildActionMask = 2147483647;
			files = (
			);
			runOnlyForDeploymentPostprocessing = 0;
		};
/* End PBXFrameworksBuildPhase section */

/* Begin PBXGroup section */
		35439A0529BFA2270044D982 = {
			isa = PBXGroup;
			children = (
				35439A1029BFA2270044D982 /* MyMovieApp */,
				35439A2729BFA2270044D982 /* MyMovieAppTests */,
				35439A3129BFA2270044D982 /* MyMovieAppUITests */,
				35439A0F29BFA2270044D982 /* Products */,
			);
			sourceTree = "<group>";
		};
		35439A0F29BFA2270044D982 /* Products */ = {
			isa = PBXGroup;
			children = (
				35439A0E29BFA2270044D982 /* MyMovieApp.app */,
				35439A2429BFA2270044D982 /* MyMovieAppTests.xctest */,
				35439A2E29BFA2270044D982 /* MyMovieAppUITests.xctest */,
			);
			name = Products;
			sourceTree = "<group>";
		};
		35439A1029BFA2270044D982 /* MyMovieApp */ = {
			isa = PBXGroup;
			children = (
				35439A6629C3A2BE0044D982 /* Network Layer */,
				35439A6529C3A2AC0044D982 /* Model */,
				35439A4429BFB90C0044D982 /* Details */,
				35439A4329BFB9000044D982 /* MoviesList */,
				35439A1129BFA2270044D982 /* AppDelegate.swift */,
				35439A1329BFA2270044D982 /* SceneDelegate.swift */,
				35439A1A29BFA2270044D982 /* Assets.xcassets */,
				35439A1C29BFA2270044D982 /* LaunchScreen.storyboard */,
				35439A1F29BFA2270044D982 /* Info.plist */,
				35439A6229C38BE50044D982 /* Label+Extension.swift */,
			);
			path = MyMovieApp;
			sourceTree = "<group>";
		};
		35439A2729BFA2270044D982 /* MyMovieAppTests */ = {
			isa = PBXGroup;
			children = (
				35439A2829BFA2270044D982 /* MyMovieAppTests.swift */,
			);
			path = MyMovieAppTests;
			sourceTree = "<group>";
		};
		35439A3129BFA2270044D982 /* MyMovieAppUITests */ = {
			isa = PBXGroup;
			children = (
				35439A3229BFA2270044D982 /* MyMovieAppUITests.swift */,
				35439A3429BFA2270044D982 /* MyMovieAppUITestsLaunchTests.swift */,
			);
			path = MyMovieAppUITests;
			sourceTree = "<group>";
		};
		35439A4329BFB9000044D982 /* MoviesList */ = {
			isa = PBXGroup;
			children = (
				35439A1529BFA2270044D982 /* MoviesListViewController.swift */,
				35439A4F29C116C60044D982 /* MovieViewModel.swift */,
				35439A5F29C38BB90044D982 /* MoviesListTableCell.swift */,
			);
			path = MoviesList;
			sourceTree = "<group>";
		};
		35439A4429BFB90C0044D982 /* Details */ = {
			isa = PBXGroup;
			children = (
				35439A4529BFB9400044D982 /* DetailsViewController.swift */,
				35439A5329C116EA0044D982 /* DetailsCoordinator.swift */,
			);
			path = Details;
			sourceTree = "<group>";
		};
		35439A6529C3A2AC0044D982 /* Model */ = {
			isa = PBXGroup;
			children = (
				35439A4D29C102030044D982 /* AppCoordinator.swift */,
				35439A5929C26C4A0044D982 /* Movies.swift */,
				35439A6B29C4D5C40044D982 /* FavouriteModel.swift */,
			);
			path = Model;
			sourceTree = "<group>";
		};
		35439A6629C3A2BE0044D982 /* Network Layer */ = {
			isa = PBXGroup;
			children = (
				35439A5629C26BF60044D982 /* MoviesNetworkManager.swift */,
				35439A5C29C26D0D0044D982 /* APIEndPoint.swift */,
				35439A6829C3A32B0044D982 /* Constraints+Extension.swift */,
				35439A6E29C4D6520044D982 /* String+Extensions.swift */,
			);
			path = "Network Layer";
			sourceTree = "<group>";
		};
/* End PBXGroup section */

/* Begin PBXNativeTarget section */
		35439A0D29BFA2270044D982 /* MyMovieApp */ = {
			isa = PBXNativeTarget;
			buildConfigurationList = 35439A3829BFA2270044D982 /* Build configuration list for PBXNativeTarget "MyMovieApp" */;
			buildPhases = (
				35439A0A29BFA2270044D982 /* Sources */,
				35439A0B29BFA2270044D982 /* Frameworks */,
				35439A0C29BFA2270044D982 /* Resources */,
			);
			buildRules = (
			);
			dependencies = (
			);
			name = MyMovieApp;
			productName = MyMovieApp;
			productReference = 35439A0E29BFA2270044D982 /* MyMovieApp.app */;
			productType = "com.apple.product-type.application";
		};
		35439A2329BFA2270044D982 /* MyMovieAppTests */ = {
			isa = PBXNativeTarget;
			buildConfigurationList = 35439A3B29BFA2270044D982 /* Build configuration list for PBXNativeTarget "MyMovieAppTests" */;
			buildPhases = (
				35439A2029BFA2270044D982 /* Sources */,
				35439A2129BFA2270044D982 /* Frameworks */,
				35439A2229BFA2270044D982 /* Resources */,
			);
			buildRules = (
			);
			dependencies = (
				35439A2629BFA2270044D982 /* PBXTargetDependency */,
			);
			name = MyMovieAppTests;
			productName = MyMovieAppTests;
			productReference = 35439A2429BFA2270044D982 /* MyMovieAppTests.xctest */;
			productType = "com.apple.product-type.bundle.unit-test";
		};
		35439A2D29BFA2270044D982 /* MyMovieAppUITests */ = {
			isa = PBXNativeTarget;
			buildConfigurationList = 35439A3E29BFA2270044D982 /* Build configuration list for PBXNativeTarget "MyMovieAppUITests" */;
			buildPhases = (
				35439A2A29BFA2270044D982 /* Sources */,
				35439A2B29BFA2270044D982 /* Frameworks */,
				35439A2C29BFA2270044D982 /* Resources */,
			);
			buildRules = (
			);
			dependencies = (
				35439A3029BFA2270044D982 /* PBXTargetDependency */,
			);
			name = MyMovieAppUITests;
			productName = MyMovieAppUITests;
			productReference = 35439A2E29BFA2270044D982 /* MyMovieAppUITests.xctest */;
			productType = "com.apple.product-type.bundle.ui-testing";
		};
/* End PBXNativeTarget section */

/* Begin PBXProject section */
		35439A0629BFA2270044D982 /* Project object */ = {
			isa = PBXProject;
			attributes = {
				BuildIndependentTargetsInParallel = 1;
				LastSwiftUpdateCheck = 1340;
				LastUpgradeCheck = 1340;
				TargetAttributes = {
					35439A0D29BFA2270044D982 = {
						CreatedOnToolsVersion = 13.4.1;
					};
					35439A2329BFA2270044D982 = {
						CreatedOnToolsVersion = 13.4.1;
						TestTargetID = 35439A0D29BFA2270044D982;
					};
					35439A2D29BFA2270044D982 = {
						CreatedOnToolsVersion = 13.4.1;
						TestTargetID = 35439A0D29BFA2270044D982;
					};
				};
			};
			buildConfigurationList = 35439A0929BFA2270044D982 /* Build configuration list for PBXProject "MyMovieApp" */;
			compatibilityVersion = "Xcode 13.0";
			developmentRegion = en;
			hasScannedForEncodings = 0;
			knownRegions = (
				en,
				Base,
			);
			mainGroup = 35439A0529BFA2270044D982;
			productRefGroup = 35439A0F29BFA2270044D982 /* Products */;
			projectDirPath = "";
			projectRoot = "";
			targets = (
				35439A0D29BFA2270044D982 /* MyMovieApp */,
				35439A2329BFA2270044D982 /* MyMovieAppTests */,
				35439A2D29BFA2270044D982 /* MyMovieAppUITests */,
			);
		};
/* End PBXProject section */

/* Begin PBXResourcesBuildPhase section */
		35439A0C29BFA2270044D982 /* Resources */ = {
			isa = PBXResourcesBuildPhase;
			buildActionMask = 2147483647;
			files = (
				35439A1E29BFA2270044D982 /* LaunchScreen.storyboard in Resources */,
				35439A1B29BFA2270044D982 /* Assets.xcassets in Resources */,
			);
			runOnlyForDeploymentPostprocessing = 0;
		};
		35439A2229BFA2270044D982 /* Resources */ = {
			isa = PBXResourcesBuildPhase;
			buildActionMask = 2147483647;
			files = (
			);
			runOnlyForDeploymentPostprocessing = 0;
		};
		35439A2C29BFA2270044D982 /* Resources */ = {
			isa = PBXResourcesBuildPhase;
			buildActionMask = 2147483647;
			files = (
			);
			runOnlyForDeploymentPostprocessing = 0;
		};
/* End PBXResourcesBuildPhase section */

/* Begin PBXSourcesBuildPhase section */
		35439A0A29BFA2270044D982 /* Sources */ = {
			isa = PBXSourcesBuildPhase;
			buildActionMask = 2147483647;
			files = (
				35439A1629BFA2270044D982 /* MoviesListViewController.swift in Sources */,
				35439A5D29C26D0D0044D982 /* APIEndPoint.swift in Sources */,
				35439A1229BFA2270044D982 /* AppDelegate.swift in Sources */,
				35439A4E29C102030044D982 /* AppCoordinator.swift in Sources */,
				35439A6329C38BE50044D982 /* Label+Extension.swift in Sources */,
				35439A6C29C4D5C40044D982 /* FavouriteModel.swift in Sources */,
				35439A5029C116C60044D982 /* MovieViewModel.swift in Sources */,
				35439A1429BFA2270044D982 /* SceneDelegate.swift in Sources */,
				35439A5A29C26C4A0044D982 /* Movies.swift in Sources */,
				35439A6029C38BB90044D982 /* MoviesListTableCell.swift in Sources */,
				35439A6F29C4D6520044D982 /* String+Extensions.swift in Sources */,
				35439A6929C3A32B0044D982 /* Constraints+Extension.swift in Sources */,
				35439A5729C26BF60044D982 /* MoviesNetworkManager.swift in Sources */,
				35439A5429C116EA0044D982 /* DetailsCoordinator.swift in Sources */,
				35439A4629BFB9400044D982 /* DetailsViewController.swift in Sources */,
			);
			runOnlyForDeploymentPostprocessing = 0;
		};
		35439A2029BFA2270044D982 /* Sources */ = {
			isa = PBXSourcesBuildPhase;
			buildActionMask = 2147483647;
			files = (
				35439A2929BFA2270044D982 /* MyMovieAppTests.swift in Sources */,
				35439A7029C4D6520044D982 /* String+Extensions.swift in Sources */,
				35439A5129C116C60044D982 /* MovieViewModel.swift in Sources */,
				35439A6729C3A2DD0044D982 /* AppCoordinator.swift in Sources */,
				35439A5B29C26C4A0044D982 /* Movies.swift in Sources */,
				35439A6129C38BB90044D982 /* MoviesListTableCell.swift in Sources */,
				35439A6D29C4D5C40044D982 /* FavouriteModel.swift in Sources */,
				35439A6429C38BE50044D982 /* Label+Extension.swift in Sources */,
				35439A5229C116CC0044D982 /* MoviesListViewController.swift in Sources */,
				35439A6A29C3A32B0044D982 /* Constraints+Extension.swift in Sources */,
				35439A5829C26BF60044D982 /* MoviesNetworkManager.swift in Sources */,
				35439A5529C116EA0044D982 /* DetailsCoordinator.swift in Sources */,
				35439A5E29C26D0D0044D982 /* APIEndPoint.swift in Sources */,
			);
			runOnlyForDeploymentPostprocessing = 0;
		};
		35439A2A29BFA2270044D982 /* Sources */ = {
			isa = PBXSourcesBuildPhase;
			buildActionMask = 2147483647;
			files = (
				35439A3329BFA2270044D982 /* MyMovieAppUITests.swift in Sources */,
				35439A3529BFA2270044D982 /* MyMovieAppUITestsLaunchTests.swift in Sources */,
			);
			runOnlyForDeploymentPostprocessing = 0;
		};
/* End PBXSourcesBuildPhase section */

/* Begin PBXTargetDependency section */
		35439A2629BFA2270044D982 /* PBXTargetDependency */ = {
			isa = PBXTargetDependency;
			target = 35439A0D29BFA2270044D982 /* MyMovieApp */;
			targetProxy = 35439A2529BFA2270044D982 /* PBXContainerItemProxy */;
		};
		35439A3029BFA2270044D982 /* PBXTargetDependency */ = {
			isa = PBXTargetDependency;
			target = 35439A0D29BFA2270044D982 /* MyMovieApp */;
			targetProxy = 35439A2F29BFA2270044D982 /* PBXContainerItemProxy */;
		};
/* End PBXTargetDependency section */

/* Begin PBXVariantGroup section */
		35439A1C29BFA2270044D982 /* LaunchScreen.storyboard */ = {
			isa = PBXVariantGroup;
			children = (
				35439A1D29BFA2270044D982 /* Base */,
			);
			name = LaunchScreen.storyboard;
			sourceTree = "<group>";
		};
/* End PBXVariantGroup section */

/* Begin XCBuildConfiguration section */
		35439A3629BFA2270044D982 /* Debug */ = {
			isa = XCBuildConfiguration;
			buildSettings = {
				ALWAYS_SEARCH_USER_PATHS = NO;
				CLANG_ANALYZER_NONNULL = YES;
				CLANG_ANALYZER_NUMBER_OBJECT_CONVERSION = YES_AGGRESSIVE;
				CLANG_CXX_LANGUAGE_STANDARD = "gnu++17";
				CLANG_ENABLE_MODULES = YES;
				CLANG_ENABLE_OBJC_ARC = YES;
				CLANG_ENABLE_OBJC_WEAK = YES;
				CLANG_WARN_BLOCK_CAPTURE_AUTORELEASING = YES;
				CLANG_WARN_BOOL_CONVERSION = YES;
				CLANG_WARN_COMMA = YES;
				CLANG_WARN_CONSTANT_CONVERSION = YES;
				CLANG_WARN_DEPRECATED_OBJC_IMPLEMENTATIONS = YES;
				CLANG_WARN_DIRECT_OBJC_ISA_USAGE = YES_ERROR;
				CLANG_WARN_DOCUMENTATION_COMMENTS = YES;
				CLANG_WARN_EMPTY_BODY = YES;
				CLANG_WARN_ENUM_CONVERSION = YES;
				CLANG_WARN_INFINITE_RECURSION = YES;
				CLANG_WARN_INT_CONVERSION = YES;
				CLANG_WARN_NON_LITERAL_NULL_CONVERSION = YES;
				CLANG_WARN_OBJC_IMPLICIT_RETAIN_SELF = YES;
				CLANG_WARN_OBJC_LITERAL_CONVERSION = YES;
				CLANG_WARN_OBJC_ROOT_CLASS = YES_ERROR;
				CLANG_WARN_QUOTED_INCLUDE_IN_FRAMEWORK_HEADER = YES;
				CLANG_WARN_RANGE_LOOP_ANALYSIS = YES;
				CLANG_WARN_STRICT_PROTOTYPES = YES;
				CLANG_WARN_SUSPICIOUS_MOVE = YES;
				CLANG_WARN_UNGUARDED_AVAILABILITY = YES_AGGRESSIVE;
				CLANG_WARN_UNREACHABLE_CODE = YES;
				CLANG_WARN__DUPLICATE_METHOD_MATCH = YES;
				COPY_PHASE_STRIP = NO;
				DEBUG_INFORMATION_FORMAT = dwarf;
				ENABLE_STRICT_OBJC_MSGSEND = YES;
				ENABLE_TESTABILITY = YES;
				GCC_C_LANGUAGE_STANDARD = gnu11;
				GCC_DYNAMIC_NO_PIC = NO;
				GCC_NO_COMMON_BLOCKS = YES;
				GCC_OPTIMIZATION_LEVEL = 0;
				GCC_PREPROCESSOR_DEFINITIONS = (
					"DEBUG=1",
					"$(inherited)",
				);
				GCC_WARN_64_TO_32_BIT_CONVERSION = YES;
				GCC_WARN_ABOUT_RETURN_TYPE = YES_ERROR;
				GCC_WARN_UNDECLARED_SELECTOR = YES;
				GCC_WARN_UNINITIALIZED_AUTOS = YES_AGGRESSIVE;
				GCC_WARN_UNUSED_FUNCTION = YES;
				GCC_WARN_UNUSED_VARIABLE = YES;
				IPHONEOS_DEPLOYMENT_TARGET = 15.5;
				MTL_ENABLE_DEBUG_INFO = INCLUDE_SOURCE;
				MTL_FAST_MATH = YES;
				ONLY_ACTIVE_ARCH = YES;
				SDKROOT = iphoneos;
				SWIFT_ACTIVE_COMPILATION_CONDITIONS = DEBUG;
				SWIFT_OPTIMIZATION_LEVEL = "-Onone";
			};
			name = Debug;
		};
		35439A3729BFA2270044D982 /* Release */ = {
			isa = XCBuildConfiguration;
			buildSettings = {
				ALWAYS_SEARCH_USER_PATHS = NO;
				CLANG_ANALYZER_NONNULL = YES;
				CLANG_ANALYZER_NUMBER_OBJECT_CONVERSION = YES_AGGRESSIVE;
				CLANG_CXX_LANGUAGE_STANDARD = "gnu++17";
				CLANG_ENABLE_MODULES = YES;
				CLANG_ENABLE_OBJC_ARC = YES;
				CLANG_ENABLE_OBJC_WEAK = YES;
				CLANG_WARN_BLOCK_CAPTURE_AUTORELEASING = YES;
				CLANG_WARN_BOOL_CONVERSION = YES;
				CLANG_WARN_COMMA = YES;
				CLANG_WARN_CONSTANT_CONVERSION = YES;
				CLANG_WARN_DEPRECATED_OBJC_IMPLEMENTATIONS = YES;
				CLANG_WARN_DIRECT_OBJC_ISA_USAGE = YES_ERROR;
				CLANG_WARN_DOCUMENTATION_COMMENTS = YES;
				CLANG_WARN_EMPTY_BODY = YES;
				CLANG_WARN_ENUM_CONVERSION = YES;
				CLANG_WARN_INFINITE_RECURSION = YES;
				CLANG_WARN_INT_CONVERSION = YES;
				CLANG_WARN_NON_LITERAL_NULL_CONVERSION = YES;
				CLANG_WARN_OBJC_IMPLICIT_RETAIN_SELF = YES;
				CLANG_WARN_OBJC_LITERAL_CONVERSION = YES;
				CLANG_WARN_OBJC_ROOT_CLASS = YES_ERROR;
				CLANG_WARN_QUOTED_INCLUDE_IN_FRAMEWORK_HEADER = YES;
				CLANG_WARN_RANGE_LOOP_ANALYSIS = YES;
				CLANG_WARN_STRICT_PROTOTYPES = YES;
				CLANG_WARN_SUSPICIOUS_MOVE = YES;
				CLANG_WARN_UNGUARDED_AVAILABILITY = YES_AGGRESSIVE;
				CLANG_WARN_UNREACHABLE_CODE = YES;
				CLANG_WARN__DUPLICATE_METHOD_MATCH = YES;
				COPY_PHASE_STRIP = NO;
				DEBUG_INFORMATION_FORMAT = "dwarf-with-dsym";
				ENABLE_NS_ASSERTIONS = NO;
				ENABLE_STRICT_OBJC_MSGSEND = YES;
				GCC_C_LANGUAGE_STANDARD = gnu11;
				GCC_NO_COMMON_BLOCKS = YES;
				GCC_WARN_64_TO_32_BIT_CONVERSION = YES;
				GCC_WARN_ABOUT_RETURN_TYPE = YES_ERROR;
				GCC_WARN_UNDECLARED_SELECTOR = YES;
				GCC_WARN_UNINITIALIZED_AUTOS = YES_AGGRESSIVE;
				GCC_WARN_UNUSED_FUNCTION = YES;
				GCC_WARN_UNUSED_VARIABLE = YES;
				IPHONEOS_DEPLOYMENT_TARGET = 15.5;
				MTL_ENABLE_DEBUG_INFO = NO;
				MTL_FAST_MATH = YES;
				SDKROOT = iphoneos;
				SWIFT_COMPILATION_MODE = wholemodule;
				SWIFT_OPTIMIZATION_LEVEL = "-O";
				VALIDATE_PRODUCT = YES;
			};
			name = Release;
		};
		35439A3929BFA2270044D982 /* Debug */ = {
			isa = XCBuildConfiguration;
			buildSettings = {
				ASSETCATALOG_COMPILER_APPICON_NAME = AppIcon;
				ASSETCATALOG_COMPILER_GLOBAL_ACCENT_COLOR_NAME = AccentColor;
				CODE_SIGN_STYLE = Automatic;
				CURRENT_PROJECT_VERSION = 1;
				DEVELOPMENT_TEAM = KXHJYH82SG;
				GENERATE_INFOPLIST_FILE = YES;
				INFOPLIST_FILE = MyMovieApp/Info.plist;
				INFOPLIST_KEY_UIApplicationSupportsIndirectInputEvents = YES;
				INFOPLIST_KEY_UILaunchStoryboardName = LaunchScreen;
				INFOPLIST_KEY_UISupportedInterfaceOrientations_iPad = "UIInterfaceOrientationPortrait UIInterfaceOrientationPortraitUpsideDown UIInterfaceOrientationLandscapeLeft UIInterfaceOrientationLandscapeRight";
				INFOPLIST_KEY_UISupportedInterfaceOrientations_iPhone = "UIInterfaceOrientationPortrait UIInterfaceOrientationLandscapeLeft UIInterfaceOrientationLandscapeRight";
				LD_RUNPATH_SEARCH_PATHS = (
					"$(inherited)",
					"@executable_path/Frameworks",
				);
				MARKETING_VERSION = 1.0;
				PRODUCT_BUNDLE_IDENTIFIER = com.development.MyMovieApp;
				PRODUCT_NAME = "$(TARGET_NAME)";
				SWIFT_EMIT_LOC_STRINGS = YES;
				SWIFT_VERSION = 5.0;
				TARGETED_DEVICE_FAMILY = "1,2";
			};
			name = Debug;
		};
		35439A3A29BFA2270044D982 /* Release */ = {
			isa = XCBuildConfiguration;
			buildSettings = {
				ASSETCATALOG_COMPILER_APPICON_NAME = AppIcon;
				ASSETCATALOG_COMPILER_GLOBAL_ACCENT_COLOR_NAME = AccentColor;
				CODE_SIGN_STYLE = Automatic;
				CURRENT_PROJECT_VERSION = 1;
				DEVELOPMENT_TEAM = KXHJYH82SG;
				GENERATE_INFOPLIST_FILE = YES;
				INFOPLIST_FILE = MyMovieApp/Info.plist;
				INFOPLIST_KEY_UIApplicationSupportsIndirectInputEvents = YES;
				INFOPLIST_KEY_UILaunchStoryboardName = LaunchScreen;
				INFOPLIST_KEY_UISupportedInterfaceOrientations_iPad = "UIInterfaceOrientationPortrait UIInterfaceOrientationPortraitUpsideDown UIInterfaceOrientationLandscapeLeft UIInterfaceOrientationLandscapeRight";
				INFOPLIST_KEY_UISupportedInterfaceOrientations_iPhone = "UIInterfaceOrientationPortrait UIInterfaceOrientationLandscapeLeft UIInterfaceOrientationLandscapeRight";
				LD_RUNPATH_SEARCH_PATHS = (
					"$(inherited)",
					"@executable_path/Frameworks",
				);
				MARKETING_VERSION = 1.0;
				PRODUCT_BUNDLE_IDENTIFIER = com.development.MyMovieApp;
				PRODUCT_NAME = "$(TARGET_NAME)";
				SWIFT_EMIT_LOC_STRINGS = YES;
				SWIFT_VERSION = 5.0;
				TARGETED_DEVICE_FAMILY = "1,2";
			};
			name = Release;
		};
		35439A3C29BFA2270044D982 /* Debug */ = {
			isa = XCBuildConfiguration;
			buildSettings = {
				ALWAYS_EMBED_SWIFT_STANDARD_LIBRARIES = YES;
				BUNDLE_LOADER = "$(TEST_HOST)";
				CODE_SIGN_STYLE = Automatic;
				CURRENT_PROJECT_VERSION = 1;
				DEVELOPMENT_TEAM = KXHJYH82SG;
				GENERATE_INFOPLIST_FILE = YES;
				IPHONEOS_DEPLOYMENT_TARGET = 15.5;
				MARKETING_VERSION = 1.0;
				PRODUCT_BUNDLE_IDENTIFIER = com.development.MyMovieAppTests;
				PRODUCT_NAME = "$(TARGET_NAME)";
				SWIFT_EMIT_LOC_STRINGS = NO;
				SWIFT_VERSION = 5.0;
				TARGETED_DEVICE_FAMILY = "1,2";
				TEST_HOST = "$(BUILT_PRODUCTS_DIR)/MyMovieApp.app/MyMovieApp";
			};
			name = Debug;
		};
		35439A3D29BFA2270044D982 /* Release */ = {
			isa = XCBuildConfiguration;
			buildSettings = {
				ALWAYS_EMBED_SWIFT_STANDARD_LIBRARIES = YES;
				BUNDLE_LOADER = "$(TEST_HOST)";
				CODE_SIGN_STYLE = Automatic;
				CURRENT_PROJECT_VERSION = 1;
				DEVELOPMENT_TEAM = KXHJYH82SG;
				GENERATE_INFOPLIST_FILE = YES;
				IPHONEOS_DEPLOYMENT_TARGET = 15.5;
				MARKETING_VERSION = 1.0;
				PRODUCT_BUNDLE_IDENTIFIER = com.development.MyMovieAppTests;
				PRODUCT_NAME = "$(TARGET_NAME)";
				SWIFT_EMIT_LOC_STRINGS = NO;
				SWIFT_VERSION = 5.0;
				TARGETED_DEVICE_FAMILY = "1,2";
				TEST_HOST = "$(BUILT_PRODUCTS_DIR)/MyMovieApp.app/MyMovieApp";
			};
			name = Release;
		};
		35439A3F29BFA2270044D982 /* Debug */ = {
			isa = XCBuildConfiguration;
			buildSettings = {
				ALWAYS_EMBED_SWIFT_STANDARD_LIBRARIES = YES;
				CODE_SIGN_STYLE = Automatic;
				CURRENT_PROJECT_VERSION = 1;
				DEVELOPMENT_TEAM = KXHJYH82SG;
				GENERATE_INFOPLIST_FILE = YES;
				MARKETING_VERSION = 1.0;
				PRODUCT_BUNDLE_IDENTIFIER = com.development.MyMovieAppUITests;
				PRODUCT_NAME = "$(TARGET_NAME)";
				SWIFT_EMIT_LOC_STRINGS = NO;
				SWIFT_VERSION = 5.0;
				TARGETED_DEVICE_FAMILY = "1,2";
				TEST_TARGET_NAME = MyMovieApp;
			};
			name = Debug;
		};
		35439A4029BFA2270044D982 /* Release */ = {
			isa = XCBuildConfiguration;
			buildSettings = {
				ALWAYS_EMBED_SWIFT_STANDARD_LIBRARIES = YES;
				CODE_SIGN_STYLE = Automatic;
				CURRENT_PROJECT_VERSION = 1;
				DEVELOPMENT_TEAM = KXHJYH82SG;
				GENERATE_INFOPLIST_FILE = YES;
				MARKETING_VERSION = 1.0;
				PRODUCT_BUNDLE_IDENTIFIER = com.development.MyMovieAppUITests;
				PRODUCT_NAME = "$(TARGET_NAME)";
				SWIFT_EMIT_LOC_STRINGS = NO;
				SWIFT_VERSION = 5.0;
				TARGETED_DEVICE_FAMILY = "1,2";
				TEST_TARGET_NAME = MyMovieApp;
			};
			name = Release;
		};
/* End XCBuildConfiguration section */

/* Begin XCConfigurationList section */
		35439A0929BFA2270044D982 /* Build configuration list for PBXProject "MyMovieApp" */ = {
			isa = XCConfigurationList;
			buildConfigurations = (
				35439A3629BFA2270044D982 /* Debug */,
				35439A3729BFA2270044D982 /* Release */,
			);
			defaultConfigurationIsVisible = 0;
			defaultConfigurationName = Release;
		};
		35439A3829BFA2270044D982 /* Build configuration list for PBXNativeTarget "MyMovieApp" */ = {
			isa = XCConfigurationList;
			buildConfigurations = (
				35439A3929BFA2270044D982 /* Debug */,
				35439A3A29BFA2270044D982 /* Release */,
			);
			defaultConfigurationIsVisible = 0;
			defaultConfigurationName = Release;
		};
		35439A3B29BFA2270044D982 /* Build configuration list for PBXNativeTarget "MyMovieAppTests" */ = {
			isa = XCConfigurationList;
			buildConfigurations = (
				35439A3C29BFA2270044D982 /* Debug */,
				35439A3D29BFA2270044D982 /* Release */,
			);
			defaultConfigurationIsVisible = 0;
			defaultConfigurationName = Release;
		};
		35439A3E29BFA2270044D982 /* Build configuration list for PBXNativeTarget "MyMovieAppUITests" */ = {
			isa = XCConfigurationList;
			buildConfigurations = (
				35439A3F29BFA2270044D982 /* Debug */,
				35439A4029BFA2270044D982 /* Release */,
			);
			defaultConfigurationIsVisible = 0;
			defaultConfigurationName = Release;
		};
/* End XCConfigurationList section */
	};
	rootObject = 35439A0629BFA2270044D982 /* Project object */;
}
